
Microsoft Visual Studio Solution File, Format Version 12.00
# Visual Studio Version 16
VisualStudioVersion = 16.0.32228.343
MinimumVisualStudioVersion = 10.0.40219.1
Project("{8BC9CEB8-8B4A-11D0-8D11-00A0C91BC942}") = "Step_11", "Step_11\Step_11.vcxproj", "{5DD6C842-B220-4EB4-85F6-9B2C0E08212B}"
EndProject
Global
	GlobalSection(SolutionConfigurationPlatforms) = preSolution
		Debug|x64 = Debug|x64
		Debug|x86 = Debug|x86
		Release|x64 = Release|x64
		Release|x86 = Release|x86
	EndGlobalSection
	GlobalSection(ProjectConfigurationPlatforms) = postSolution
		{5DD6C842-B220-4EB4-85F6-9B2C0E08212B}.Debug|x64.ActiveCfg = Debug|x64
		{5DD6C842-B220-4EB4-85F6-9B2C0E08212B}.Debug|x64.Build.0 = Debug|x64
		{5DD6C842-B220-4EB4-85F6-9B2C0E08212B}.Debug|x86.ActiveCfg = Debug|Win32
		{5DD6C842-B220-4EB4-85F6-9B2C0E08212B}.Debug|x86.Build.0 = Debug|Win32
		{5DD6C842-B220-4EB4-85F6-9B2C0E08212B}.Release|x64.ActiveCfg = Release|x64
		{5DD6C842-B220-4EB4-85F6-9B2C0E08212B}.Release|x64.Build.0 = Release|x64
		{5DD6C842-B220-4EB4-85F6-9B2C0E08212B}.Release|x86.ActiveCfg = Release|Win32
		{5DD6C842-B220-4EB4-85F6-9B2C0E08212B}.Release|x86.Build.0 = Release|Win32
	EndGlobalSection
	GlobalSection(SolutionProperties) = preSolution
		HideSolutionNode = FALSE
	EndGlobalSection
	GlobalSection(ExtensibilityGlobals) = postSolution
		SolutionGuid = {8988E87E-DFA9-444D-91BB-D3FABA4F71B5}
	EndGlobalSection
EndGlobal
